
Microsoft Visual Studio Solution File, Format Version 12.00
# Visual Studio Version 16
VisualStudioVersion = 16.0.29215.179
MinimumVisualStudioVersion = 10.0.40219.1
Project("{9A19103F-16F7-4668-BE54-9A1E7A4F7556}") = "PGShoppingBasket.Domain", "PGShoppingBasket.Domain\PGShoppingBasket.Domain.csproj", "{231F9A76-5F39-4280-A642-E9852CF5A391}"
EndProject
Project("{9A19103F-16F7-4668-BE54-9A1E7A4F7556}") = "PGShoppingBasket.Test", "PGShoppingBasket.Test\PGShoppingBasket.Test.csproj", "{23749772-F1C4-4926-BD86-4A2DF12D12CB}"
EndProject
Project("{2150E333-8FDC-42A3-9474-1A3956D46DE8}") = "Tests", "Tests", "{D89A2D95-9404-46C7-BBFE-71156FE8A76E}"
EndProject
Global
	GlobalSection(SolutionConfigurationPlatforms) = preSolution
		Debug|Any CPU = Debug|Any CPU
		Release|Any CPU = Release|Any CPU
	EndGlobalSection
	GlobalSection(ProjectConfigurationPlatforms) = postSolution
		{231F9A76-5F39-4280-A642-E9852CF5A391}.Debug|Any CPU.ActiveCfg = Debug|Any CPU
		{231F9A76-5F39-4280-A642-E9852CF5A391}.Debug|Any CPU.Build.0 = Debug|Any CPU
		{231F9A76-5F39-4280-A642-E9852CF5A391}.Release|Any CPU.ActiveCfg = Release|Any CPU
		{231F9A76-5F39-4280-A642-E9852CF5A391}.Release|Any CPU.Build.0 = Release|Any CPU
		{23749772-F1C4-4926-BD86-4A2DF12D12CB}.Debug|Any CPU.ActiveCfg = Debug|Any CPU
		{23749772-F1C4-4926-BD86-4A2DF12D12CB}.Debug|Any CPU.Build.0 = Debug|Any CPU
		{23749772-F1C4-4926-BD86-4A2DF12D12CB}.Release|Any CPU.ActiveCfg = Release|Any CPU
		{23749772-F1C4-4926-BD86-4A2DF12D12CB}.Release|Any CPU.Build.0 = Release|Any CPU
	EndGlobalSection
	GlobalSection(SolutionProperties) = preSolution
		HideSolutionNode = FALSE
	EndGlobalSection
	GlobalSection(NestedProjects) = preSolution
		{23749772-F1C4-4926-BD86-4A2DF12D12CB} = {D89A2D95-9404-46C7-BBFE-71156FE8A76E}
	EndGlobalSection
	GlobalSection(ExtensibilityGlobals) = postSolution
		SolutionGuid = {DF06D008-5989-4AF8-991C-9BB6D80A51CE}
	EndGlobalSection
EndGlobal
